
Microsoft Visual Studio Solution File, Format Version 12.00
# Visual Studio Version 17
VisualStudioVersion = 17.0.31903.59
MinimumVisualStudioVersion = 10.0.40219.1
Project("{FAE04EC0-301F-11D3-BF4B-00C04F79EFBC}") = "Playground.Service.One.Core", "Playground.Service.One.Core\Playground.Service.One.Core.csproj", "{F1211A9F-A734-4F3B-9271-1A01A95C9832}"
EndProject
Project("{FAE04EC0-301F-11D3-BF4B-00C04F79EFBC}") = "Playground.Service.One.WebApi", "Playground.Service.One.WebApi\Playground.Service.One.WebApi.csproj", "{30E8BF82-A2C7-4DA2-A11C-1F5F9AFC5130}"
EndProject
Project("{FAE04EC0-301F-11D3-BF4B-00C04F79EFBC}") = "Playground.Service.One.Tests", "Playground.Service.One.Tests\Playground.Service.One.Tests.csproj", "{3148B982-9ECC-4CC1-8B42-3A22BDDB4B9E}"
EndProject
Global
	GlobalSection(SolutionConfigurationPlatforms) = preSolution
		Debug|Any CPU = Debug|Any CPU
		Debug|x64 = Debug|x64
		Debug|x86 = Debug|x86
		Release|Any CPU = Release|Any CPU
		Release|x64 = Release|x64
		Release|x86 = Release|x86
	EndGlobalSection
	GlobalSection(ProjectConfigurationPlatforms) = postSolution
		{F1211A9F-A734-4F3B-9271-1A01A95C9832}.Debug|Any CPU.ActiveCfg = Debug|Any CPU
		{F1211A9F-A734-4F3B-9271-1A01A95C9832}.Debug|Any CPU.Build.0 = Debug|Any CPU
		{F1211A9F-A734-4F3B-9271-1A01A95C9832}.Debug|x64.ActiveCfg = Debug|Any CPU
		{F1211A9F-A734-4F3B-9271-1A01A95C9832}.Debug|x64.Build.0 = Debug|Any CPU
		{F1211A9F-A734-4F3B-9271-1A01A95C9832}.Debug|x86.ActiveCfg = Debug|Any CPU
		{F1211A9F-A734-4F3B-9271-1A01A95C9832}.Debug|x86.Build.0 = Debug|Any CPU
		{F1211A9F-A734-4F3B-9271-1A01A95C9832}.Release|Any CPU.ActiveCfg = Release|Any CPU
		{F1211A9F-A734-4F3B-9271-1A01A95C9832}.Release|Any CPU.Build.0 = Release|Any CPU
		{F1211A9F-A734-4F3B-9271-1A01A95C9832}.Release|x64.ActiveCfg = Release|Any CPU
		{F1211A9F-A734-4F3B-9271-1A01A95C9832}.Release|x64.Build.0 = Release|Any CPU
		{F1211A9F-A734-4F3B-9271-1A01A95C9832}.Release|x86.ActiveCfg = Release|Any CPU
		{F1211A9F-A734-4F3B-9271-1A01A95C9832}.Release|x86.Build.0 = Release|Any CPU
		{30E8BF82-A2C7-4DA2-A11C-1F5F9AFC5130}.Debug|Any CPU.ActiveCfg = Debug|Any CPU
		{30E8BF82-A2C7-4DA2-A11C-1F5F9AFC5130}.Debug|Any CPU.Build.0 = Debug|Any CPU
		{30E8BF82-A2C7-4DA2-A11C-1F5F9AFC5130}.Debug|x64.ActiveCfg = Debug|Any CPU
		{30E8BF82-A2C7-4DA2-A11C-1F5F9AFC5130}.Debug|x64.Build.0 = Debug|Any CPU
		{30E8BF82-A2C7-4DA2-A11C-1F5F9AFC5130}.Debug|x86.ActiveCfg = Debug|Any CPU
		{30E8BF82-A2C7-4DA2-A11C-1F5F9AFC5130}.Debug|x86.Build.0 = Debug|Any CPU
		{30E8BF82-A2C7-4DA2-A11C-1F5F9AFC5130}.Release|Any CPU.ActiveCfg = Release|Any CPU
		{30E8BF82-A2C7-4DA2-A11C-1F5F9AFC5130}.Release|Any CPU.Build.0 = Release|Any CPU
		{30E8BF82-A2C7-4DA2-A11C-1F5F9AFC5130}.Release|x64.ActiveCfg = Release|Any CPU
		{30E8BF82-A2C7-4DA2-A11C-1F5F9AFC5130}.Release|x64.Build.0 = Release|Any CPU
		{30E8BF82-A2C7-4DA2-A11C-1F5F9AFC5130}.Release|x86.ActiveCfg = Release|Any CPU
		{30E8BF82-A2C7-4DA2-A11C-1F5F9AFC5130}.Release|x86.Build.0 = Release|Any CPU
		{3148B982-9ECC-4CC1-8B42-3A22BDDB4B9E}.Debug|Any CPU.ActiveCfg = Debug|Any CPU
		{3148B982-9ECC-4CC1-8B42-3A22BDDB4B9E}.Debug|Any CPU.Build.0 = Debug|Any CPU
		{3148B982-9ECC-4CC1-8B42-3A22BDDB4B9E}.Debug|x64.ActiveCfg = Debug|Any CPU
		{3148B982-9ECC-4CC1-8B42-3A22BDDB4B9E}.Debug|x64.Build.0 = Debug|Any CPU
		{3148B982-9ECC-4CC1-8B42-3A22BDDB4B9E}.Debug|x86.ActiveCfg = Debug|Any CPU
		{3148B982-9ECC-4CC1-8B42-3A22BDDB4B9E}.Debug|x86.Build.0 = Debug|Any CPU
		{3148B982-9ECC-4CC1-8B42-3A22BDDB4B9E}.Release|Any CPU.ActiveCfg = Release|Any CPU
		{3148B982-9ECC-4CC1-8B42-3A22BDDB4B9E}.Release|Any CPU.Build.0 = Release|Any CPU
		{3148B982-9ECC-4CC1-8B42-3A22BDDB4B9E}.Release|x64.ActiveCfg = Release|Any CPU
		{3148B982-9ECC-4CC1-8B42-3A22BDDB4B9E}.Release|x64.Build.0 = Release|Any CPU
		{3148B982-9ECC-4CC1-8B42-3A22BDDB4B9E}.Release|x86.ActiveCfg = Release|Any CPU
		{3148B982-9ECC-4CC1-8B42-3A22BDDB4B9E}.Release|x86.Build.0 = Release|Any CPU
	EndGlobalSection
	GlobalSection(SolutionProperties) = preSolution
		HideSolutionNode = FALSE
	EndGlobalSection
EndGlobal
