<Solution>
  <Folder Name="/common/">
    <Project Path="../../common/src/Common.Bootstrapping/Common.Bootstrapping.csproj" />
    <Project Path="../../common/src/messaging/Common.Messaging.Core/Common.Messaging.Core.csproj" />
    <Project Path="../../common/src/messaging/Common.Messaging.Entities/Common.Messaging.Entities.csproj" />
    <Project Path="../../common/src/messaging/Common.Messaging/Common.Messaging.csproj" />
  </Folder>
  <Folder Name="/services/" />
  <Folder Name="/services/acme-agent-api/">
    <File Path="services/acme-agent-api/README.md" />
    <Project Path="services/acme-agent-api/src/Acme.Agent.Api/Acme.Agent.Api.csproj" />
  </Folder>
  <Folder Name="/services/connector-hub-api/">
    <File Path="services/connector-hub-api/Dockerfile" />
    <File Path="services/connector-hub-api/README.md" />
    <Project Path="services/connector-hub-api/src/Connector.Hub.Api/Connector.Hub.Api.csproj" />
    <Project Path="services/connector-hub-api/src/Connector.Hub.Domain/Connector.Hub.Domain.csproj" />
    <Project Path="services/connector-hub-api/src/Connector.Hub.Infra/Connector.Hub.Infra.csproj" />
  </Folder>
  <Folder Name="/services/demo-one-api/">
    <File Path="services/demo-one-api/README.md" />
    <Project Path="services/demo-one-api/src/Messaging.Demo.One.Api/Messaging.Demo.One.Api.csproj" />
    <Project Path="services/demo-one-api/src/Messaging.Demo.One.Domain/Messaging.Demo.One.Domain.csproj" />
    <Project Path="services/demo-one-api/src/Messaging.Demo.One.Infra/Messaging.Demo.One.Infra.csproj" />
  </Folder>
  <Folder Name="/services/demo-two-api/">
    <File Path="services/demo-two-api/README.md" />
    <Project Path="services/demo-two-api/src/Messaging.Demo.Two.Api/Messaging.Demo.Two.Api.csproj" />
    <Project Path="services/demo-two-api/src/Messaging.Demo.Two.Domain/Messaging.Demo.Two.Domain.csproj" />
    <Project Path="services/demo-two-api/src/Messaging.Demo.Two.Infra/Messaging.Demo.Two.Infra.csproj" />
  </Folder>
  <Folder Name="/tests/">
    <Project Path="services/acme-agent-api/src/Acme.Agent.Tests/Acme.Agent.Tests.csproj" />
    <Project Path="services/connector-hub-api/src/Connector.Hub.Tests/Connector.Hub.Tests.csproj" />
    <Project Path="services/demo-one-api/src/Messaging.Demo.One.Tests/Messaging.Demo.One.Tests.csproj" />
    <Project Path="services/demo-two-api/src/Messaging.Demo.Two.Tests/Messaging.Demo.Two.Tests.csproj" />
  </Folder>
  <Project Path="Messaging.Demo.Common/Messaging.Demo.Common.csproj" />
</Solution>
