<Solution>
  <Folder Name="/messaging/">
    <Project Path="messaging\Common.Messaging.Contracts\Common.Messaging.Contracts.csproj" />
    <Project Path="messaging\Common.Messaging\Common.Messaging.csproj" />
  </Folder>
  <Project Path="Common.Services.Tests/Common.Services.Tests.csproj" />
</Solution>
